
Microsoft Visual Studio Solution File, Format Version 12.00
# Visual Studio Version 17
VisualStudioVersion = 17.1.32421.90
MinimumVisualStudioVersion = 10.0.40219.1
Project("{FAE04EC0-301F-11D3-BF4B-00C04F79EFBC}") = "Hjortttyu", "Hjortttyu\Hjortttyu.csproj", "{90AC7C9E-2389-4D51-8BD3-0B1977AE6073}"
EndProject
Global
	GlobalSection(SolutionConfigurationPlatforms) = preSolution
		Debug|Any CPU = Debug|Any CPU
		Release|Any CPU = Release|Any CPU
	EndGlobalSection
	GlobalSection(ProjectConfigurationPlatforms) = postSolution
		{90AC7C9E-2389-4D51-8BD3-0B1977AE6073}.Debug|Any CPU.ActiveCfg = Debug|Any CPU
		{90AC7C9E-2389-4D51-8BD3-0B1977AE6073}.Debug|Any CPU.Build.0 = Debug|Any CPU
		{90AC7C9E-2389-4D51-8BD3-0B1977AE6073}.Release|Any CPU.ActiveCfg = Release|Any CPU
		{90AC7C9E-2389-4D51-8BD3-0B1977AE6073}.Release|Any CPU.Build.0 = Release|Any CPU
	EndGlobalSection
	GlobalSection(SolutionProperties) = preSolution
		HideSolutionNode = FALSE
	EndGlobalSection
	GlobalSection(ExtensibilityGlobals) = postSolution
		SolutionGuid = {55A63ABB-C540-4681-9B0E-306ABEBE7FC6}
	EndGlobalSection
EndGlobal
